
Microsoft Visual Studio Solution File, Format Version 12.00
# Visual Studio Version 17
VisualStudioVersion = 17.4.33213.308
MinimumVisualStudioVersion = 10.0.40219.1
Project("{FAE04EC0-301F-11D3-BF4B-00C04F79EFBC}") = "FramesPages", "FramesPages.csproj", "{133349C9-78CF-432D-AAFE-23D15E8B1DE2}"
EndProject
Global
	GlobalSection(SolutionConfigurationPlatforms) = preSolution
		Debug|Any CPU = Debug|Any CPU
		Release|Any CPU = Release|Any CPU
	EndGlobalSection
	GlobalSection(ProjectConfigurationPlatforms) = postSolution
		{133349C9-78CF-432D-AAFE-23D15E8B1DE2}.Debug|Any CPU.ActiveCfg = Debug|Any CPU
		{133349C9-78CF-432D-AAFE-23D15E8B1DE2}.Debug|Any CPU.Build.0 = Debug|Any CPU
		{133349C9-78CF-432D-AAFE-23D15E8B1DE2}.Release|Any CPU.ActiveCfg = Release|Any CPU
		{133349C9-78CF-432D-AAFE-23D15E8B1DE2}.Release|Any CPU.Build.0 = Release|Any CPU
	EndGlobalSection
	GlobalSection(SolutionProperties) = preSolution
		HideSolutionNode = FALSE
	EndGlobalSection
	GlobalSection(ExtensibilityGlobals) = postSolution
		SolutionGuid = {DCFAAFE0-43BE-40BF-8078-641461A4185D}
	EndGlobalSection
EndGlobal
